
Microsoft Visual Studio Solution File, Format Version 12.00
# Visual Studio Version 17
VisualStudioVersion = 17.1.32421.90
MinimumVisualStudioVersion = 10.0.40219.1
Project("{2150E333-8FDC-42A3-9474-1A3956D46DE8}") = "Services", "Services", "{0CE624BA-9CDF-4F89-8041-D38038622337}"
EndProject
Project("{9A19103F-16F7-4668-BE54-9A1E7A4F7556}") = "Gateway", "Gateway\Gateway.csproj", "{FF51BA86-DBF4-417B-9DB0-2C7CD58F07C2}"
EndProject
Project("{2150E333-8FDC-42A3-9474-1A3956D46DE8}") = "CustomerService", "CustomerService", "{6DE5A4DA-AE64-4EEB-8FB1-76417666ECF8}"
EndProject
Project("{2150E333-8FDC-42A3-9474-1A3956D46DE8}") = "OrderService", "OrderService", "{D3367CF5-ADBE-45B1-A44F-DA6D6C4DBCAE}"
EndProject
Project("{2150E333-8FDC-42A3-9474-1A3956D46DE8}") = "Gateway", "Gateway", "{AB9D0A67-3AD8-4C30-880F-65D6FC492EE9}"
EndProject
Project("{9A19103F-16F7-4668-BE54-9A1E7A4F7556}") = "CustomerDomain", "CustomerDomain\CustomerDomain.csproj", "{D1CA0264-C3E9-4767-B23C-301A0A634BA4}"
EndProject
Project("{9A19103F-16F7-4668-BE54-9A1E7A4F7556}") = "CustomerApplication", "CustomerApplication\CustomerApplication.csproj", "{6E42B8D8-0666-465B-96D9-14668B6B9800}"
EndProject
Project("{9A19103F-16F7-4668-BE54-9A1E7A4F7556}") = "CustomerInfrastructure", "CustomerInfrastructure\CustomerInfrastructure.csproj", "{34A983CE-BD36-4CBA-9BE4-8D27AB809E18}"
EndProject
Project("{9A19103F-16F7-4668-BE54-9A1E7A4F7556}") = "CustomerPresentation", "CustomerPresentation\CustomerPresentation.csproj", "{918FD813-62CD-49A3-BBF2-254044A59480}"
EndProject
Project("{9A19103F-16F7-4668-BE54-9A1E7A4F7556}") = "OrderDomain", "OrderDomain\OrderDomain.csproj", "{D527F220-9D69-4449-9918-F8014648F064}"
EndProject
Project("{9A19103F-16F7-4668-BE54-9A1E7A4F7556}") = "OrderApplication", "OrderApplication\OrderApplication.csproj", "{B872D130-781E-4517-A76A-B4290A0D1955}"
EndProject
Project("{9A19103F-16F7-4668-BE54-9A1E7A4F7556}") = "OrderInfrastructure", "OrderInfrastructure\OrderInfrastructure.csproj", "{4E1CC5FC-7F4E-4B37-BBF5-015B34E4CDB7}"
EndProject
Project("{9A19103F-16F7-4668-BE54-9A1E7A4F7556}") = "OrderPresentation", "OrderPresentation\OrderPresentation.csproj", "{057CC4E9-3AED-47C1-A13F-A7CD519E1E47}"
EndProject
Project("{E53339B2-1760-4266-BCC7-CA923CBCF16C}") = "docker-compose", "docker-compose.dcproj", "{B82C6A37-34AC-4DC2-8880-3F7F59BF4661}"
EndProject
Project("{2150E333-8FDC-42A3-9474-1A3956D46DE8}") = "HealtCheckService", "HealtCheckService", "{C8AB8B69-569C-454D-B4B5-4B0613025A31}"
EndProject
Project("{FAE04EC0-301F-11D3-BF4B-00C04F79EFBC}") = "HealthCheck", "HealthCheck\HealthCheck.csproj", "{77F33452-BD45-4505-BDA8-D3D965E2B07A}"
EndProject
Project("{2150E333-8FDC-42A3-9474-1A3956D46DE8}") = "Tests", "Tests", "{B99B5809-10B3-418E-8353-6D4BCA4BB3BB}"
EndProject
Project("{FAE04EC0-301F-11D3-BF4B-00C04F79EFBC}") = "CustomerServiceIntegrationTest", "CustomerServiceIntegrationTest\CustomerServiceIntegrationTest.csproj", "{3A67DB83-B680-4EFC-9460-E93EDB344FAE}"
EndProject
Project("{FAE04EC0-301F-11D3-BF4B-00C04F79EFBC}") = "OrderServiceIntegrationTest", "OrderServiceIntegrationTest\OrderServiceIntegrationTest.csproj", "{20E662F0-3875-47DB-B50C-AD1C5FEF353A}"
EndProject
Global
	GlobalSection(SolutionConfigurationPlatforms) = preSolution
		Debug|Any CPU = Debug|Any CPU
		Release|Any CPU = Release|Any CPU
	EndGlobalSection
	GlobalSection(ProjectConfigurationPlatforms) = postSolution
		{FF51BA86-DBF4-417B-9DB0-2C7CD58F07C2}.Debug|Any CPU.ActiveCfg = Debug|Any CPU
		{FF51BA86-DBF4-417B-9DB0-2C7CD58F07C2}.Debug|Any CPU.Build.0 = Debug|Any CPU
		{FF51BA86-DBF4-417B-9DB0-2C7CD58F07C2}.Release|Any CPU.ActiveCfg = Release|Any CPU
		{FF51BA86-DBF4-417B-9DB0-2C7CD58F07C2}.Release|Any CPU.Build.0 = Release|Any CPU
		{D1CA0264-C3E9-4767-B23C-301A0A634BA4}.Debug|Any CPU.ActiveCfg = Debug|Any CPU
		{D1CA0264-C3E9-4767-B23C-301A0A634BA4}.Debug|Any CPU.Build.0 = Debug|Any CPU
		{D1CA0264-C3E9-4767-B23C-301A0A634BA4}.Release|Any CPU.ActiveCfg = Release|Any CPU
		{D1CA0264-C3E9-4767-B23C-301A0A634BA4}.Release|Any CPU.Build.0 = Release|Any CPU
		{6E42B8D8-0666-465B-96D9-14668B6B9800}.Debug|Any CPU.ActiveCfg = Debug|Any CPU
		{6E42B8D8-0666-465B-96D9-14668B6B9800}.Debug|Any CPU.Build.0 = Debug|Any CPU
		{6E42B8D8-0666-465B-96D9-14668B6B9800}.Release|Any CPU.ActiveCfg = Release|Any CPU
		{6E42B8D8-0666-465B-96D9-14668B6B9800}.Release|Any CPU.Build.0 = Release|Any CPU
		{34A983CE-BD36-4CBA-9BE4-8D27AB809E18}.Debug|Any CPU.ActiveCfg = Debug|Any CPU
		{34A983CE-BD36-4CBA-9BE4-8D27AB809E18}.Debug|Any CPU.Build.0 = Debug|Any CPU
		{34A983CE-BD36-4CBA-9BE4-8D27AB809E18}.Release|Any CPU.ActiveCfg = Release|Any CPU
		{34A983CE-BD36-4CBA-9BE4-8D27AB809E18}.Release|Any CPU.Build.0 = Release|Any CPU
		{918FD813-62CD-49A3-BBF2-254044A59480}.Debug|Any CPU.ActiveCfg = Debug|Any CPU
		{918FD813-62CD-49A3-BBF2-254044A59480}.Debug|Any CPU.Build.0 = Debug|Any CPU
		{918FD813-62CD-49A3-BBF2-254044A59480}.Release|Any CPU.ActiveCfg = Release|Any CPU
		{918FD813-62CD-49A3-BBF2-254044A59480}.Release|Any CPU.Build.0 = Release|Any CPU
		{D527F220-9D69-4449-9918-F8014648F064}.Debug|Any CPU.ActiveCfg = Debug|Any CPU
		{D527F220-9D69-4449-9918-F8014648F064}.Debug|Any CPU.Build.0 = Debug|Any CPU
		{D527F220-9D69-4449-9918-F8014648F064}.Release|Any CPU.ActiveCfg = Release|Any CPU
		{D527F220-9D69-4449-9918-F8014648F064}.Release|Any CPU.Build.0 = Release|Any CPU
		{B872D130-781E-4517-A76A-B4290A0D1955}.Debug|Any CPU.ActiveCfg = Debug|Any CPU
		{B872D130-781E-4517-A76A-B4290A0D1955}.Debug|Any CPU.Build.0 = Debug|Any CPU
		{B872D130-781E-4517-A76A-B4290A0D1955}.Release|Any CPU.ActiveCfg = Release|Any CPU
		{B872D130-781E-4517-A76A-B4290A0D1955}.Release|Any CPU.Build.0 = Release|Any CPU
		{4E1CC5FC-7F4E-4B37-BBF5-015B34E4CDB7}.Debug|Any CPU.ActiveCfg = Debug|Any CPU
		{4E1CC5FC-7F4E-4B37-BBF5-015B34E4CDB7}.Debug|Any CPU.Build.0 = Debug|Any CPU
		{4E1CC5FC-7F4E-4B37-BBF5-015B34E4CDB7}.Release|Any CPU.ActiveCfg = Release|Any CPU
		{4E1CC5FC-7F4E-4B37-BBF5-015B34E4CDB7}.Release|Any CPU.Build.0 = Release|Any CPU
		{057CC4E9-3AED-47C1-A13F-A7CD519E1E47}.Debug|Any CPU.ActiveCfg = Debug|Any CPU
		{057CC4E9-3AED-47C1-A13F-A7CD519E1E47}.Debug|Any CPU.Build.0 = Debug|Any CPU
		{057CC4E9-3AED-47C1-A13F-A7CD519E1E47}.Release|Any CPU.ActiveCfg = Release|Any CPU
		{057CC4E9-3AED-47C1-A13F-A7CD519E1E47}.Release|Any CPU.Build.0 = Release|Any CPU
		{B82C6A37-34AC-4DC2-8880-3F7F59BF4661}.Debug|Any CPU.ActiveCfg = Debug|Any CPU
		{B82C6A37-34AC-4DC2-8880-3F7F59BF4661}.Debug|Any CPU.Build.0 = Debug|Any CPU
		{B82C6A37-34AC-4DC2-8880-3F7F59BF4661}.Release|Any CPU.ActiveCfg = Release|Any CPU
		{B82C6A37-34AC-4DC2-8880-3F7F59BF4661}.Release|Any CPU.Build.0 = Release|Any CPU
		{77F33452-BD45-4505-BDA8-D3D965E2B07A}.Debug|Any CPU.ActiveCfg = Debug|Any CPU
		{77F33452-BD45-4505-BDA8-D3D965E2B07A}.Debug|Any CPU.Build.0 = Debug|Any CPU
		{77F33452-BD45-4505-BDA8-D3D965E2B07A}.Release|Any CPU.ActiveCfg = Release|Any CPU
		{77F33452-BD45-4505-BDA8-D3D965E2B07A}.Release|Any CPU.Build.0 = Release|Any CPU
		{3A67DB83-B680-4EFC-9460-E93EDB344FAE}.Debug|Any CPU.ActiveCfg = Debug|Any CPU
		{3A67DB83-B680-4EFC-9460-E93EDB344FAE}.Debug|Any CPU.Build.0 = Debug|Any CPU
		{3A67DB83-B680-4EFC-9460-E93EDB344FAE}.Release|Any CPU.ActiveCfg = Release|Any CPU
		{3A67DB83-B680-4EFC-9460-E93EDB344FAE}.Release|Any CPU.Build.0 = Release|Any CPU
		{20E662F0-3875-47DB-B50C-AD1C5FEF353A}.Debug|Any CPU.ActiveCfg = Debug|Any CPU
		{20E662F0-3875-47DB-B50C-AD1C5FEF353A}.Debug|Any CPU.Build.0 = Debug|Any CPU
		{20E662F0-3875-47DB-B50C-AD1C5FEF353A}.Release|Any CPU.ActiveCfg = Release|Any CPU
		{20E662F0-3875-47DB-B50C-AD1C5FEF353A}.Release|Any CPU.Build.0 = Release|Any CPU
	EndGlobalSection
	GlobalSection(SolutionProperties) = preSolution
		HideSolutionNode = FALSE
	EndGlobalSection
	GlobalSection(NestedProjects) = preSolution
		{FF51BA86-DBF4-417B-9DB0-2C7CD58F07C2} = {AB9D0A67-3AD8-4C30-880F-65D6FC492EE9}
		{6DE5A4DA-AE64-4EEB-8FB1-76417666ECF8} = {0CE624BA-9CDF-4F89-8041-D38038622337}
		{D3367CF5-ADBE-45B1-A44F-DA6D6C4DBCAE} = {0CE624BA-9CDF-4F89-8041-D38038622337}
		{AB9D0A67-3AD8-4C30-880F-65D6FC492EE9} = {0CE624BA-9CDF-4F89-8041-D38038622337}
		{D1CA0264-C3E9-4767-B23C-301A0A634BA4} = {6DE5A4DA-AE64-4EEB-8FB1-76417666ECF8}
		{6E42B8D8-0666-465B-96D9-14668B6B9800} = {6DE5A4DA-AE64-4EEB-8FB1-76417666ECF8}
		{34A983CE-BD36-4CBA-9BE4-8D27AB809E18} = {6DE5A4DA-AE64-4EEB-8FB1-76417666ECF8}
		{918FD813-62CD-49A3-BBF2-254044A59480} = {6DE5A4DA-AE64-4EEB-8FB1-76417666ECF8}
		{D527F220-9D69-4449-9918-F8014648F064} = {D3367CF5-ADBE-45B1-A44F-DA6D6C4DBCAE}
		{B872D130-781E-4517-A76A-B4290A0D1955} = {D3367CF5-ADBE-45B1-A44F-DA6D6C4DBCAE}
		{4E1CC5FC-7F4E-4B37-BBF5-015B34E4CDB7} = {D3367CF5-ADBE-45B1-A44F-DA6D6C4DBCAE}
		{057CC4E9-3AED-47C1-A13F-A7CD519E1E47} = {D3367CF5-ADBE-45B1-A44F-DA6D6C4DBCAE}
		{C8AB8B69-569C-454D-B4B5-4B0613025A31} = {0CE624BA-9CDF-4F89-8041-D38038622337}
		{77F33452-BD45-4505-BDA8-D3D965E2B07A} = {C8AB8B69-569C-454D-B4B5-4B0613025A31}
		{B99B5809-10B3-418E-8353-6D4BCA4BB3BB} = {0CE624BA-9CDF-4F89-8041-D38038622337}
		{3A67DB83-B680-4EFC-9460-E93EDB344FAE} = {B99B5809-10B3-418E-8353-6D4BCA4BB3BB}
		{20E662F0-3875-47DB-B50C-AD1C5FEF353A} = {B99B5809-10B3-418E-8353-6D4BCA4BB3BB}
	EndGlobalSection
	GlobalSection(ExtensibilityGlobals) = postSolution
		SolutionGuid = {CD8F2BED-FCAE-4EAA-A920-9D56026E70C9}
	EndGlobalSection
EndGlobal
